
Microsoft Visual Studio Solution File, Format Version 12.00
# Visual Studio Version 16
VisualStudioVersion = 16.0.30114.105
MinimumVisualStudioVersion = 10.0.40219.1
Project("{FAE04EC0-301F-11D3-BF4B-00C04F79EFBC}") = "FourPrimeNums", "FourPrimeNums\FourPrimeNums.csproj", "{B72E968D-BBB1-4FEA-B7A3-7DA3350FA039}"
EndProject
Global
	GlobalSection(SolutionConfigurationPlatforms) = preSolution
		Debug|Any CPU = Debug|Any CPU
		Release|Any CPU = Release|Any CPU
	EndGlobalSection
	GlobalSection(SolutionProperties) = preSolution
		HideSolutionNode = FALSE
	EndGlobalSection
	GlobalSection(ProjectConfigurationPlatforms) = postSolution
		{B72E968D-BBB1-4FEA-B7A3-7DA3350FA039}.Debug|Any CPU.ActiveCfg = Debug|Any CPU
		{B72E968D-BBB1-4FEA-B7A3-7DA3350FA039}.Debug|Any CPU.Build.0 = Debug|Any CPU
		{B72E968D-BBB1-4FEA-B7A3-7DA3350FA039}.Release|Any CPU.ActiveCfg = Release|Any CPU
		{B72E968D-BBB1-4FEA-B7A3-7DA3350FA039}.Release|Any CPU.Build.0 = Release|Any CPU
	EndGlobalSection
EndGlobal
